
Microsoft Visual Studio Solution File, Format Version 12.00
# Visual Studio Version 16
VisualStudioVersion = 16.0.30413.136
MinimumVisualStudioVersion = 10.0.40219.1
Project("{FAE04EC0-301F-11D3-BF4B-00C04F79EFBC}") = "uppgift3.4", "uppgift3.4\uppgift3.4.csproj", "{A25F6516-E90D-4317-BF2B-C7EBF7D171C4}"
EndProject
Global
	GlobalSection(SolutionConfigurationPlatforms) = preSolution
		Debug|Any CPU = Debug|Any CPU
		Release|Any CPU = Release|Any CPU
	EndGlobalSection
	GlobalSection(ProjectConfigurationPlatforms) = postSolution
		{A25F6516-E90D-4317-BF2B-C7EBF7D171C4}.Debug|Any CPU.ActiveCfg = Debug|Any CPU
		{A25F6516-E90D-4317-BF2B-C7EBF7D171C4}.Debug|Any CPU.Build.0 = Debug|Any CPU
		{A25F6516-E90D-4317-BF2B-C7EBF7D171C4}.Release|Any CPU.ActiveCfg = Release|Any CPU
		{A25F6516-E90D-4317-BF2B-C7EBF7D171C4}.Release|Any CPU.Build.0 = Release|Any CPU
	EndGlobalSection
	GlobalSection(SolutionProperties) = preSolution
		HideSolutionNode = FALSE
	EndGlobalSection
	GlobalSection(ExtensibilityGlobals) = postSolution
		SolutionGuid = {7A289F7E-E501-40BD-ABDF-B0CE561633DA}
	EndGlobalSection
EndGlobal
